{
  "lockfileVersion": 1,
  "workspaces": {
    "": {
      "name": "better-melon-meilisearch",
      "dependencies": {
        "@t3-oss/env-core": "^0.13.6",
        "@types/yauzl-promise": "^4.0.1",
        "ky": "^1.8.1",
        "meilisearch": "^0.50.0",
        "yauzl-promise": "^4.0.0",
        "zod": "^3.25.36",
      },
      "devDependencies": {
        "@types/bun": "latest",
      },
      "peerDependencies": {
        "typescript": "^5",
      },
    },
  },
  "packages": {
    "@babel/runtime": ["@babel/runtime@7.27.3", "", {}, "sha512-7EYtGezsdiDMyY80+65EzwiGmcJqpmcZCojSXaRgdrBaGtWTgDZKq69cPIVped6MkIM78cTQ2GOiEYjwOlG4xw=="],

    "@emnapi/core": ["@emnapi/core@1.4.3", "", { "dependencies": { "@emnapi/wasi-threads": "1.0.2", "tslib": "^2.4.0" } }, "sha512-4m62DuCE07lw01soJwPiBGC0nAww0Q+RY70VZ+n49yDIO13yyinhbWCeNnaob0lakDtWQzSdtNWzJeOJt2ma+g=="],

    "@emnapi/runtime": ["@emnapi/runtime@1.4.3", "", { "dependencies": { "tslib": "^2.4.0" } }, "sha512-pBPWdu6MLKROBX05wSNKcNb++m5Er+KQ9QkB+WVM+pW2Kx9hoSrVTnu3BdkI5eBLZoKu/J6mW/B6i6bJB2ytXQ=="],

    "@emnapi/wasi-threads": ["@emnapi/wasi-threads@1.0.2", "", { "dependencies": { "tslib": "^2.4.0" } }, "sha512-5n3nTJblwRi8LlXkJ9eBzu+kZR8Yxcc7ubakyQTFzPMtIhFpUBRbsnc2Dv88IZDIbCDlBiWrknhB4Lsz7mg6BA=="],

    "@napi-rs/wasm-runtime": ["@napi-rs/wasm-runtime@0.2.10", "", { "dependencies": { "@emnapi/core": "^1.4.3", "@emnapi/runtime": "^1.4.3", "@tybys/wasm-util": "^0.9.0" } }, "sha512-bCsCyeZEwVErsGmyPNSzwfwFn4OdxBj0mmv6hOFucB/k81Ojdu68RbZdxYsRQUPc9l6SU5F/cG+bXgWs3oUgsQ=="],

    "@node-rs/crc32": ["@node-rs/crc32@1.10.6", "", { "optionalDependencies": { "@node-rs/crc32-android-arm-eabi": "1.10.6", "@node-rs/crc32-android-arm64": "1.10.6", "@node-rs/crc32-darwin-arm64": "1.10.6", "@node-rs/crc32-darwin-x64": "1.10.6", "@node-rs/crc32-freebsd-x64": "1.10.6", "@node-rs/crc32-linux-arm-gnueabihf": "1.10.6", "@node-rs/crc32-linux-arm64-gnu": "1.10.6", "@node-rs/crc32-linux-arm64-musl": "1.10.6", "@node-rs/crc32-linux-x64-gnu": "1.10.6", "@node-rs/crc32-linux-x64-musl": "1.10.6", "@node-rs/crc32-wasm32-wasi": "1.10.6", "@node-rs/crc32-win32-arm64-msvc": "1.10.6", "@node-rs/crc32-win32-ia32-msvc": "1.10.6", "@node-rs/crc32-win32-x64-msvc": "1.10.6" } }, "sha512-+llXfqt+UzgoDzT9of5vPQPGqTAVCohU74I9zIBkNo5TH6s2P31DFJOGsJQKN207f0GHnYv5pV3wh3BCY/un/A=="],

    "@node-rs/crc32-android-arm-eabi": ["@node-rs/crc32-android-arm-eabi@1.10.6", "", { "os": "android", "cpu": "arm" }, "sha512-vZAMuJXm3TpWPOkkhxdrofWDv+Q+I2oO7ucLRbXyAPmXFNDhHtBxbO1rk9Qzz+M3eep8ieS4/+jCL1Q0zacNMQ=="],

    "@node-rs/crc32-android-arm64": ["@node-rs/crc32-android-arm64@1.10.6", "", { "os": "android", "cpu": "arm64" }, "sha512-Vl/JbjCinCw/H9gEpZveWCMjxjcEChDcDBM8S4hKay5yyoRCUHJPuKr4sjVDBeOm+1nwU3oOm6Ca8dyblwp4/w=="],

    "@node-rs/crc32-darwin-arm64": ["@node-rs/crc32-darwin-arm64@1.10.6", "", { "os": "darwin", "cpu": "arm64" }, "sha512-kARYANp5GnmsQiViA5Qu74weYQ3phOHSYQf0G+U5wB3NB5JmBHnZcOc46Ig21tTypWtdv7u63TaltJQE41noyg=="],

    "@node-rs/crc32-darwin-x64": ["@node-rs/crc32-darwin-x64@1.10.6", "", { "os": "darwin", "cpu": "x64" }, "sha512-Q99bevJVMfLTISpkpKBlXgtPUItrvTWKFyiqoKH5IvscZmLV++NH4V13Pa17GTBmv9n18OwzgQY4/SRq6PQNVA=="],

    "@node-rs/crc32-freebsd-x64": ["@node-rs/crc32-freebsd-x64@1.10.6", "", { "os": "freebsd", "cpu": "x64" }, "sha512-66hpawbNjrgnS9EDMErta/lpaqOMrL6a6ee+nlI2viduVOmRZWm9Rg9XdGTK/+c4bQLdtC6jOd+Kp4EyGRYkAg=="],

    "@node-rs/crc32-linux-arm-gnueabihf": ["@node-rs/crc32-linux-arm-gnueabihf@1.10.6", "", { "os": "linux", "cpu": "arm" }, "sha512-E8Z0WChH7X6ankbVm8J/Yym19Cq3otx6l4NFPS6JW/cWdjv7iw+Sps2huSug+TBprjbcEA+s4TvEwfDI1KScjg=="],

    "@node-rs/crc32-linux-arm64-gnu": ["@node-rs/crc32-linux-arm64-gnu@1.10.6", "", { "os": "linux", "cpu": "arm64" }, "sha512-LmWcfDbqAvypX0bQjQVPmQGazh4dLiVklkgHxpV4P0TcQ1DT86H/SWpMBMs/ncF8DGuCQ05cNyMv1iddUDugoQ=="],

    "@node-rs/crc32-linux-arm64-musl": ["@node-rs/crc32-linux-arm64-musl@1.10.6", "", { "os": "linux", "cpu": "arm64" }, "sha512-k8ra/bmg0hwRrIEE8JL1p32WfaN9gDlUUpQRWsbxd1WhjqvXea7kKO6K4DwVxyxlPhBS9Gkb5Urq7Y4mXANzaw=="],

    "@node-rs/crc32-linux-x64-gnu": ["@node-rs/crc32-linux-x64-gnu@1.10.6", "", { "os": "linux", "cpu": "x64" }, "sha512-IfjtqcuFK7JrSZ9mlAFhb83xgium30PguvRjIMI45C3FJwu18bnLk1oR619IYb/zetQT82MObgmqfKOtgemEKw=="],

    "@node-rs/crc32-linux-x64-musl": ["@node-rs/crc32-linux-x64-musl@1.10.6", "", { "os": "linux", "cpu": "x64" }, "sha512-LbFYsA5M9pNunOweSt6uhxenYQF94v3bHDAQRPTQ3rnjn+mK6IC7YTAYoBjvoJP8lVzcvk9hRj8wp4Jyh6Y80g=="],

    "@node-rs/crc32-wasm32-wasi": ["@node-rs/crc32-wasm32-wasi@1.10.6", "", { "dependencies": { "@napi-rs/wasm-runtime": "^0.2.5" }, "cpu": "none" }, "sha512-KaejdLgHMPsRaxnM+OG9L9XdWL2TabNx80HLdsCOoX9BVhEkfh39OeahBo8lBmidylKbLGMQoGfIKDjq0YMStw=="],

    "@node-rs/crc32-win32-arm64-msvc": ["@node-rs/crc32-win32-arm64-msvc@1.10.6", "", { "os": "win32", "cpu": "arm64" }, "sha512-x50AXiSxn5Ccn+dCjLf1T7ZpdBiV1Sp5aC+H2ijhJO4alwznvXgWbopPRVhbp2nj0i+Gb6kkDUEyU+508KAdGQ=="],

    "@node-rs/crc32-win32-ia32-msvc": ["@node-rs/crc32-win32-ia32-msvc@1.10.6", "", { "os": "win32", "cpu": "ia32" }, "sha512-DpDxQLaErJF9l36aghe1Mx+cOnYLKYo6qVPqPL9ukJ5rAGLtCdU0C+Zoi3gs9ySm8zmbFgazq/LvmsZYU42aBw=="],

    "@node-rs/crc32-win32-x64-msvc": ["@node-rs/crc32-win32-x64-msvc@1.10.6", "", { "os": "win32", "cpu": "x64" }, "sha512-5B1vXosIIBw1m2Rcnw62IIfH7W9s9f7H7Ma0rRuhT8HR4Xh8QCgw6NJSI2S2MCngsGktYnAhyUvs81b7efTyQw=="],

    "@t3-oss/env-core": ["@t3-oss/env-core@0.13.6", "", { "peerDependencies": { "arktype": "^2.1.0", "typescript": ">=5.0.0", "valibot": "^1.0.0-beta.7 || ^1.0.0", "zod": "^3.24.0 || ^4.0.0-beta.0" }, "optionalPeers": ["arktype", "typescript", "valibot", "zod"] }, "sha512-rH7FgcB1YGbv/tvv7mdJAxnNvRkK/gEqdVYBwO1AVvaWOTNuftqskxkEYyhM2O+lkNPJmTq5YBE7H+Unl7CLjg=="],

    "@tybys/wasm-util": ["@tybys/wasm-util@0.9.0", "", { "dependencies": { "tslib": "^2.4.0" } }, "sha512-6+7nlbMVX/PVDCwaIQ8nTOPveOcFLSt8GcXdx8hD0bt39uWxYT88uXzqTd4fTvqta7oeUJqudepapKNt2DYJFw=="],

    "@types/bun": ["@types/bun@1.2.15", "", { "dependencies": { "bun-types": "1.2.15" } }, "sha512-U1ljPdBEphF0nw1MIk0hI7kPg7dFdPyM7EenHsp6W5loNHl7zqy6JQf/RKCgnUn2KDzUpkBwHPnEJEjII594bA=="],

    "@types/node": ["@types/node@22.15.24", "", { "dependencies": { "undici-types": "~6.21.0" } }, "sha512-w9CZGm9RDjzTh/D+hFwlBJ3ziUaVw7oufKA3vOFSOZlzmW9AkZnfjPb+DLnrV6qtgL/LNmP0/2zBNCFHL3F0ng=="],

    "@types/yauzl-promise": ["@types/yauzl-promise@4.0.1", "", { "dependencies": { "@types/node": "*" } }, "sha512-qYEC3rJwqiJpdQ9b+bPNeuSY0c3JUM8vIuDy08qfuVN7xHm3ZDsHn2kGphUIB0ruEXrPGNXZ64nMUcu4fDjViQ=="],

    "bun-types": ["bun-types@1.2.15", "", { "dependencies": { "@types/node": "*" } }, "sha512-NarRIaS+iOaQU1JPfyKhZm4AsUOrwUOqRNHY0XxI8GI8jYxiLXLcdjYMG9UKS+fwWasc1uw1htV9AX24dD+p4w=="],

    "define-data-property": ["define-data-property@1.1.4", "", { "dependencies": { "es-define-property": "^1.0.0", "es-errors": "^1.3.0", "gopd": "^1.0.1" } }, "sha512-rBMvIzlpA8v6E+SJZoo++HAYqsLrkg7MSfIinMPFhmkorw7X+dOXVJQs+QT69zGkzMyfDnIMN2Wid1+NbL3T+A=="],

    "define-properties": ["define-properties@1.2.1", "", { "dependencies": { "define-data-property": "^1.0.1", "has-property-descriptors": "^1.0.0", "object-keys": "^1.1.1" } }, "sha512-8QmQKqEASLd5nx0U1B1okLElbUuuttJ/AnYmRXbbbGDWh6uS208EjD4Xqq/I9wK7u0v6O08XhTWnt5XtEbR6Dg=="],

    "es-define-property": ["es-define-property@1.0.1", "", {}, "sha512-e3nRfgfUZ4rNGL232gUgX06QNyyez04KdjFrF+LTRoOXmrOgFKDg4BCdsjW8EnT69eqdYGmRpJwiPVYNrCaW3g=="],

    "es-errors": ["es-errors@1.3.0", "", {}, "sha512-Zf5H2Kxt2xjTvbJvP2ZWLEICxA6j+hAmMzIlypy4xcBg1vKVnx89Wy0GbS+kf5cwCVFFzdCFh2XSCFNULS6csw=="],

    "globalthis": ["globalthis@1.0.4", "", { "dependencies": { "define-properties": "^1.2.1", "gopd": "^1.0.1" } }, "sha512-DpLKbNU4WylpxJykQujfCcwYWiV/Jhm50Goo0wrVILAv5jOr9d+H+UR3PhSCD2rCCEIg0uc+G+muBTwD54JhDQ=="],

    "gopd": ["gopd@1.2.0", "", {}, "sha512-ZUKRh6/kUFoAiTAtTYPZJ3hw9wNxx+BIBOijnlG9PnrJsCcSjs1wyyD6vJpaYtgnzDrKYRSqf3OO6Rfa93xsRg=="],

    "has-property-descriptors": ["has-property-descriptors@1.0.2", "", { "dependencies": { "es-define-property": "^1.0.0" } }, "sha512-55JNKuIW+vq4Ke1BjOTjM2YctQIvCT7GFzHwmfZPGo5wnrgkid0YQtnAleFSqumZm4az3n2BS+erby5ipJdgrg=="],

    "is-it-type": ["is-it-type@5.1.2", "", { "dependencies": { "@babel/runtime": "^7.16.7", "globalthis": "^1.0.2" } }, "sha512-q/gOZQTNYABAxaXWnBKZjTFH4yACvWEFtgVOj+LbgxYIgAJG1xVmUZOsECSrZPIemYUQvaQWVilSFVbh4Eyt8A=="],

    "ky": ["ky@1.8.1", "", {}, "sha512-7Bp3TpsE+L+TARSnnDpk3xg8Idi8RwSLdj6CMbNWoOARIrGrbuLGusV0dYwbZOm4bB3jHNxSw8Wk/ByDqJEnDw=="],

    "meilisearch": ["meilisearch@0.50.0", "", {}, "sha512-9IzIkobvnuS18Eg4dq/eJB9W+eXqeLZjNRgq/kKMswSmVYYSQsXqGgSuCA0JkF+o5RwJlwIsieQee6rh313VhA=="],

    "object-keys": ["object-keys@1.1.1", "", {}, "sha512-NuAESUOUMrlIXOfHKzD6bpPu3tYt3xvjNdRIQ+FeT0lNb4K8WR70CaDxhuNguS2XG+GjkyMwOzsN5ZktImfhLA=="],

    "simple-invariant": ["simple-invariant@2.0.1", "", {}, "sha512-1sbhsxqI+I2tqlmjbz99GXNmZtr6tKIyEgGGnJw/MKGblalqk/XoOYYFJlBzTKZCxx8kLaD3FD5s9BEEjx5Pyg=="],

    "tslib": ["tslib@2.8.1", "", {}, "sha512-oJFu94HQb+KVduSUQL7wnpmqnfmLsOA/nAh6b6EH0wCEoK0/mPeXU6c3wKDV83MkOuHPRHtSXKKU99IBazS/2w=="],

    "typescript": ["typescript@5.8.3", "", { "bin": { "tsc": "bin/tsc", "tsserver": "bin/tsserver" } }, "sha512-p1diW6TqL9L07nNxvRMM7hMMw4c5XOo/1ibL4aAIGmSAt9slTE1Xgw5KWuof2uTOvCg9BY7ZRi+GaF+7sfgPeQ=="],

    "undici-types": ["undici-types@6.21.0", "", {}, "sha512-iwDZqg0QAGrg9Rav5H4n0M64c3mkR59cJ6wQp+7C4nI0gsmExaedaYLNO44eT4AtBBwjbTiGPMlt2Md0T9H9JQ=="],

    "yauzl-promise": ["yauzl-promise@4.0.0", "", { "dependencies": { "@node-rs/crc32": "^1.7.0", "is-it-type": "^5.1.2", "simple-invariant": "^2.0.1" } }, "sha512-/HCXpyHXJQQHvFq9noqrjfa/WpQC2XYs3vI7tBiAi4QiIU1knvYhZGaO1QPjwIVMdqflxbmwgMXtYeaRiAE0CA=="],

    "zod": ["zod@3.25.36", "", {}, "sha512-eRFS3i8T0IrpGdL8HQyqFAugGOn7jOjyGgGdtv5NY4Wkhi7lJDk732bNZ609YMIGFbLoaj6J69O1Mura23gfIw=="],
  }
}
